
Microsoft Visual Studio Solution File, Format Version 12.00
# Visual Studio Version 17
VisualStudioVersion = 17.11.35222.181
MinimumVisualStudioVersion = 10.0.40219.1
Project("{FAE04EC0-301F-11D3-BF4B-00C04F79EFBC}") = "ASM_GS", "ASM_GS\ASM_GS.csproj", "{8F9B7A56-6AE2-42E7-A4B5-2E3622484458}"
EndProject
Global
	GlobalSection(SolutionConfigurationPlatforms) = preSolution
		Debug|Any CPU = Debug|Any CPU
		Release|Any CPU = Release|Any CPU
	EndGlobalSection
	GlobalSection(ProjectConfigurationPlatforms) = postSolution
		{8F9B7A56-6AE2-42E7-A4B5-2E3622484458}.Debug|Any CPU.ActiveCfg = Debug|Any CPU
		{8F9B7A56-6AE2-42E7-A4B5-2E3622484458}.Debug|Any CPU.Build.0 = Debug|Any CPU
		{8F9B7A56-6AE2-42E7-A4B5-2E3622484458}.Release|Any CPU.ActiveCfg = Release|Any CPU
		{8F9B7A56-6AE2-42E7-A4B5-2E3622484458}.Release|Any CPU.Build.0 = Release|Any CPU
	EndGlobalSection
	GlobalSection(SolutionProperties) = preSolution
		HideSolutionNode = FALSE
	EndGlobalSection
	GlobalSection(ExtensibilityGlobals) = postSolution
		SolutionGuid = {15F21BBD-18F2-47CA-9F6D-432640B3BEE4}
	EndGlobalSection
EndGlobal
